
Microsoft Visual Studio Solution File, Format Version 12.00
# Visual Studio Version 17
VisualStudioVersion = 17.0.31903.59
MinimumVisualStudioVersion = 10.0.40219.1
Project("{FAE04EC0-301F-11D3-BF4B-00C04F79EFBC}") = "CdnServer", "CdnServer\CdnServer.csproj", "{79A53037-EC46-49DA-87B2-2020C5919816}"
EndProject
Project("{FAE04EC0-301F-11D3-BF4B-00C04F79EFBC}") = "CdnGetter", "CdnGetter\CdnGetter.csproj", "{8100E540-96BB-4796-9B99-A8AA3C425171}"
EndProject
Project("{FAE04EC0-301F-11D3-BF4B-00C04F79EFBC}") = "CdnGetter.UnitTests", "CdnGetter.UnitTests\CdnGetter.UnitTests.csproj", "{479629D1-FC82-49B0-B425-E9C6B9B1883A}"
EndProject
Project("{FAE04EC0-301F-11D3-BF4B-00C04F79EFBC}") = "NuGetPuller", "NuGetPuller\NuGetPuller.csproj", "{FA943865-6006-4E69-9B81-BABD082CD0D0}"
EndProject
Project("{FAE04EC0-301F-11D3-BF4B-00C04F79EFBC}") = "NuGetPuller.UnitTests", "NuGetPuller.UnitTests\NuGetPuller.UnitTests.csproj", "{9E205434-8D93-4771-A1D6-3D596270474E}"
EndProject
Project("{FAE04EC0-301F-11D3-BF4B-00C04F79EFBC}") = "NuGetPuller.CLI", "NuGetPuller.CLI\NuGetPuller.CLI.csproj", "{567B6DDD-2D8B-44B8-9647-CB576098FD06}"
EndProject
Project("{FAE04EC0-301F-11D3-BF4B-00C04F79EFBC}") = "IsolatedPackageFeeds.Shared", "IsolatedPackageFeeds.Shared\IsolatedPackageFeeds.Shared.csproj", "{0C6139DD-D689-4468-B252-735FF9004518}"
EndProject
Global
	GlobalSection(SolutionProperties) = preSolution
		HideSolutionNode = FALSE
	EndGlobalSection
	GlobalSection(SolutionConfigurationPlatforms) = preSolution
		Debug|Any CPU = Debug|Any CPU
		Debug|x64 = Debug|x64
		Debug|x86 = Debug|x86
		Release|Any CPU = Release|Any CPU
		Release|x64 = Release|x64
		Release|x86 = Release|x86
	EndGlobalSection
	GlobalSection(ProjectConfigurationPlatforms) = postSolution
		{79A53037-EC46-49DA-87B2-2020C5919816}.Debug|Any CPU.ActiveCfg = Debug|Any CPU
		{79A53037-EC46-49DA-87B2-2020C5919816}.Debug|Any CPU.Build.0 = Debug|Any CPU
		{79A53037-EC46-49DA-87B2-2020C5919816}.Debug|x64.ActiveCfg = Debug|Any CPU
		{79A53037-EC46-49DA-87B2-2020C5919816}.Debug|x64.Build.0 = Debug|Any CPU
		{79A53037-EC46-49DA-87B2-2020C5919816}.Debug|x86.ActiveCfg = Debug|Any CPU
		{79A53037-EC46-49DA-87B2-2020C5919816}.Debug|x86.Build.0 = Debug|Any CPU
		{79A53037-EC46-49DA-87B2-2020C5919816}.Release|Any CPU.ActiveCfg = Release|Any CPU
		{79A53037-EC46-49DA-87B2-2020C5919816}.Release|Any CPU.Build.0 = Release|Any CPU
		{79A53037-EC46-49DA-87B2-2020C5919816}.Release|x64.ActiveCfg = Release|Any CPU
		{79A53037-EC46-49DA-87B2-2020C5919816}.Release|x64.Build.0 = Release|Any CPU
		{79A53037-EC46-49DA-87B2-2020C5919816}.Release|x86.ActiveCfg = Release|Any CPU
		{79A53037-EC46-49DA-87B2-2020C5919816}.Release|x86.Build.0 = Release|Any CPU
		{8100E540-96BB-4796-9B99-A8AA3C425171}.Debug|Any CPU.ActiveCfg = Debug|Any CPU
		{8100E540-96BB-4796-9B99-A8AA3C425171}.Debug|Any CPU.Build.0 = Debug|Any CPU
		{8100E540-96BB-4796-9B99-A8AA3C425171}.Debug|x64.ActiveCfg = Debug|Any CPU
		{8100E540-96BB-4796-9B99-A8AA3C425171}.Debug|x64.Build.0 = Debug|Any CPU
		{8100E540-96BB-4796-9B99-A8AA3C425171}.Debug|x86.ActiveCfg = Debug|Any CPU
		{8100E540-96BB-4796-9B99-A8AA3C425171}.Debug|x86.Build.0 = Debug|Any CPU
		{8100E540-96BB-4796-9B99-A8AA3C425171}.Release|Any CPU.ActiveCfg = Release|Any CPU
		{8100E540-96BB-4796-9B99-A8AA3C425171}.Release|Any CPU.Build.0 = Release|Any CPU
		{8100E540-96BB-4796-9B99-A8AA3C425171}.Release|x64.ActiveCfg = Release|Any CPU
		{8100E540-96BB-4796-9B99-A8AA3C425171}.Release|x64.Build.0 = Release|Any CPU
		{8100E540-96BB-4796-9B99-A8AA3C425171}.Release|x86.ActiveCfg = Release|Any CPU
		{8100E540-96BB-4796-9B99-A8AA3C425171}.Release|x86.Build.0 = Release|Any CPU
		{479629D1-FC82-49B0-B425-E9C6B9B1883A}.Debug|Any CPU.ActiveCfg = Debug|Any CPU
		{479629D1-FC82-49B0-B425-E9C6B9B1883A}.Debug|Any CPU.Build.0 = Debug|Any CPU
		{479629D1-FC82-49B0-B425-E9C6B9B1883A}.Debug|x64.ActiveCfg = Debug|Any CPU
		{479629D1-FC82-49B0-B425-E9C6B9B1883A}.Debug|x64.Build.0 = Debug|Any CPU
		{479629D1-FC82-49B0-B425-E9C6B9B1883A}.Debug|x86.ActiveCfg = Debug|Any CPU
		{479629D1-FC82-49B0-B425-E9C6B9B1883A}.Debug|x86.Build.0 = Debug|Any CPU
		{479629D1-FC82-49B0-B425-E9C6B9B1883A}.Release|Any CPU.ActiveCfg = Release|Any CPU
		{479629D1-FC82-49B0-B425-E9C6B9B1883A}.Release|Any CPU.Build.0 = Release|Any CPU
		{479629D1-FC82-49B0-B425-E9C6B9B1883A}.Release|x64.ActiveCfg = Release|Any CPU
		{479629D1-FC82-49B0-B425-E9C6B9B1883A}.Release|x64.Build.0 = Release|Any CPU
		{479629D1-FC82-49B0-B425-E9C6B9B1883A}.Release|x86.ActiveCfg = Release|Any CPU
		{479629D1-FC82-49B0-B425-E9C6B9B1883A}.Release|x86.Build.0 = Release|Any CPU
		{C768124E-3482-4FC5-9A42-CD8BB8D407BA}.Debug|Any CPU.ActiveCfg = Debug|Any CPU
		{C768124E-3482-4FC5-9A42-CD8BB8D407BA}.Debug|Any CPU.Build.0 = Debug|Any CPU
		{C768124E-3482-4FC5-9A42-CD8BB8D407BA}.Debug|x64.ActiveCfg = Debug|Any CPU
		{C768124E-3482-4FC5-9A42-CD8BB8D407BA}.Debug|x64.Build.0 = Debug|Any CPU
		{C768124E-3482-4FC5-9A42-CD8BB8D407BA}.Debug|x86.ActiveCfg = Debug|Any CPU
		{C768124E-3482-4FC5-9A42-CD8BB8D407BA}.Debug|x86.Build.0 = Debug|Any CPU
		{C768124E-3482-4FC5-9A42-CD8BB8D407BA}.Release|Any CPU.ActiveCfg = Release|Any CPU
		{C768124E-3482-4FC5-9A42-CD8BB8D407BA}.Release|Any CPU.Build.0 = Release|Any CPU
		{C768124E-3482-4FC5-9A42-CD8BB8D407BA}.Release|x64.ActiveCfg = Release|Any CPU
		{C768124E-3482-4FC5-9A42-CD8BB8D407BA}.Release|x64.Build.0 = Release|Any CPU
		{C768124E-3482-4FC5-9A42-CD8BB8D407BA}.Release|x86.ActiveCfg = Release|Any CPU
		{C768124E-3482-4FC5-9A42-CD8BB8D407BA}.Release|x86.Build.0 = Release|Any CPU
		{FA943865-6006-4E69-9B81-BABD082CD0D0}.Debug|Any CPU.ActiveCfg = Debug|Any CPU
		{FA943865-6006-4E69-9B81-BABD082CD0D0}.Debug|Any CPU.Build.0 = Debug|Any CPU
		{FA943865-6006-4E69-9B81-BABD082CD0D0}.Debug|x64.ActiveCfg = Debug|Any CPU
		{FA943865-6006-4E69-9B81-BABD082CD0D0}.Debug|x64.Build.0 = Debug|Any CPU
		{FA943865-6006-4E69-9B81-BABD082CD0D0}.Debug|x86.ActiveCfg = Debug|Any CPU
		{FA943865-6006-4E69-9B81-BABD082CD0D0}.Debug|x86.Build.0 = Debug|Any CPU
		{FA943865-6006-4E69-9B81-BABD082CD0D0}.Release|Any CPU.ActiveCfg = Release|Any CPU
		{FA943865-6006-4E69-9B81-BABD082CD0D0}.Release|Any CPU.Build.0 = Release|Any CPU
		{FA943865-6006-4E69-9B81-BABD082CD0D0}.Release|x64.ActiveCfg = Release|Any CPU
		{FA943865-6006-4E69-9B81-BABD082CD0D0}.Release|x64.Build.0 = Release|Any CPU
		{FA943865-6006-4E69-9B81-BABD082CD0D0}.Release|x86.ActiveCfg = Release|Any CPU
		{FA943865-6006-4E69-9B81-BABD082CD0D0}.Release|x86.Build.0 = Release|Any CPU
		{9E205434-8D93-4771-A1D6-3D596270474E}.Debug|Any CPU.ActiveCfg = Debug|Any CPU
		{9E205434-8D93-4771-A1D6-3D596270474E}.Debug|Any CPU.Build.0 = Debug|Any CPU
		{9E205434-8D93-4771-A1D6-3D596270474E}.Debug|x64.ActiveCfg = Debug|Any CPU
		{9E205434-8D93-4771-A1D6-3D596270474E}.Debug|x64.Build.0 = Debug|Any CPU
		{9E205434-8D93-4771-A1D6-3D596270474E}.Debug|x86.ActiveCfg = Debug|Any CPU
		{9E205434-8D93-4771-A1D6-3D596270474E}.Debug|x86.Build.0 = Debug|Any CPU
		{9E205434-8D93-4771-A1D6-3D596270474E}.Release|Any CPU.ActiveCfg = Release|Any CPU
		{9E205434-8D93-4771-A1D6-3D596270474E}.Release|Any CPU.Build.0 = Release|Any CPU
		{9E205434-8D93-4771-A1D6-3D596270474E}.Release|x64.ActiveCfg = Release|Any CPU
		{9E205434-8D93-4771-A1D6-3D596270474E}.Release|x64.Build.0 = Release|Any CPU
		{9E205434-8D93-4771-A1D6-3D596270474E}.Release|x86.ActiveCfg = Release|Any CPU
		{9E205434-8D93-4771-A1D6-3D596270474E}.Release|x86.Build.0 = Release|Any CPU
		{567B6DDD-2D8B-44B8-9647-CB576098FD06}.Debug|Any CPU.ActiveCfg = Debug|Any CPU
		{567B6DDD-2D8B-44B8-9647-CB576098FD06}.Debug|Any CPU.Build.0 = Debug|Any CPU
		{567B6DDD-2D8B-44B8-9647-CB576098FD06}.Debug|x64.ActiveCfg = Debug|Any CPU
		{567B6DDD-2D8B-44B8-9647-CB576098FD06}.Debug|x64.Build.0 = Debug|Any CPU
		{567B6DDD-2D8B-44B8-9647-CB576098FD06}.Debug|x86.ActiveCfg = Debug|Any CPU
		{567B6DDD-2D8B-44B8-9647-CB576098FD06}.Debug|x86.Build.0 = Debug|Any CPU
		{567B6DDD-2D8B-44B8-9647-CB576098FD06}.Release|Any CPU.ActiveCfg = Release|Any CPU
		{567B6DDD-2D8B-44B8-9647-CB576098FD06}.Release|Any CPU.Build.0 = Release|Any CPU
		{567B6DDD-2D8B-44B8-9647-CB576098FD06}.Release|x64.ActiveCfg = Release|Any CPU
		{567B6DDD-2D8B-44B8-9647-CB576098FD06}.Release|x64.Build.0 = Release|Any CPU
		{567B6DDD-2D8B-44B8-9647-CB576098FD06}.Release|x86.ActiveCfg = Release|Any CPU
		{567B6DDD-2D8B-44B8-9647-CB576098FD06}.Release|x86.Build.0 = Release|Any CPU
		{0C6139DD-D689-4468-B252-735FF9004518}.Debug|Any CPU.ActiveCfg = Debug|Any CPU
		{0C6139DD-D689-4468-B252-735FF9004518}.Debug|Any CPU.Build.0 = Debug|Any CPU
		{0C6139DD-D689-4468-B252-735FF9004518}.Debug|x64.ActiveCfg = Debug|Any CPU
		{0C6139DD-D689-4468-B252-735FF9004518}.Debug|x64.Build.0 = Debug|Any CPU
		{0C6139DD-D689-4468-B252-735FF9004518}.Debug|x86.ActiveCfg = Debug|Any CPU
		{0C6139DD-D689-4468-B252-735FF9004518}.Debug|x86.Build.0 = Debug|Any CPU
		{0C6139DD-D689-4468-B252-735FF9004518}.Release|Any CPU.ActiveCfg = Release|Any CPU
		{0C6139DD-D689-4468-B252-735FF9004518}.Release|Any CPU.Build.0 = Release|Any CPU
		{0C6139DD-D689-4468-B252-735FF9004518}.Release|x64.ActiveCfg = Release|Any CPU
		{0C6139DD-D689-4468-B252-735FF9004518}.Release|x64.Build.0 = Release|Any CPU
		{0C6139DD-D689-4468-B252-735FF9004518}.Release|x86.ActiveCfg = Release|Any CPU
		{0C6139DD-D689-4468-B252-735FF9004518}.Release|x86.Build.0 = Release|Any CPU
	EndGlobalSection
EndGlobal
