
Microsoft Visual Studio Solution File, Format Version 12.00
# Visual Studio Version 17
VisualStudioVersion = 17.0.31903.59
MinimumVisualStudioVersion = 10.0.40219.1
Project("{FAE04EC0-301F-11D3-BF4B-00C04F79EFBC}") = "CdnServer", "CdnServer\CdnServer.csproj", "{79A53037-EC46-49DA-87B2-2020C5919816}"
EndProject
Project("{FAE04EC0-301F-11D3-BF4B-00C04F79EFBC}") = "CdnGetter", "CdnGetter\CdnGetter.csproj", "{8100E540-96BB-4796-9B99-A8AA3C425171}"
EndProject
Project("{FAE04EC0-301F-11D3-BF4B-00C04F79EFBC}") = "CdnGetter.UnitTests", "CdnGetter.UnitTests\CdnGetter.UnitTests.csproj", "{479629D1-FC82-49B0-B425-E9C6B9B1883A}"
EndProject
Project("{FAE04EC0-301F-11D3-BF4B-00C04F79EFBC}") = "NuGetAirGap", "NuGetAirGap\NuGetAirGap.csproj", "{71A65066-3AEC-4F58-AAAE-F20BC27294D8}"
EndProject
Project("{FAE04EC0-301F-11D3-BF4B-00C04F79EFBC}") = "NuGetAirGap.UnitTests", "NuGetAirGap.UnitTests\NuGetAirGap.UnitTests.csproj", "{C768124E-3482-4FC5-9A42-CD8BB8D407BA}"
EndProject
Global
	GlobalSection(SolutionProperties) = preSolution
		HideSolutionNode = FALSE
	EndGlobalSection
	GlobalSection(SolutionConfigurationPlatforms) = preSolution
		Debug|Any CPU = Debug|Any CPU
		Debug|x64 = Debug|x64
		Debug|x86 = Debug|x86
		Release|Any CPU = Release|Any CPU
		Release|x64 = Release|x64
		Release|x86 = Release|x86
	EndGlobalSection
	GlobalSection(ProjectConfigurationPlatforms) = postSolution
		{79A53037-EC46-49DA-87B2-2020C5919816}.Debug|Any CPU.ActiveCfg = Debug|Any CPU
		{79A53037-EC46-49DA-87B2-2020C5919816}.Debug|Any CPU.Build.0 = Debug|Any CPU
		{79A53037-EC46-49DA-87B2-2020C5919816}.Debug|x64.ActiveCfg = Debug|Any CPU
		{79A53037-EC46-49DA-87B2-2020C5919816}.Debug|x64.Build.0 = Debug|Any CPU
		{79A53037-EC46-49DA-87B2-2020C5919816}.Debug|x86.ActiveCfg = Debug|Any CPU
		{79A53037-EC46-49DA-87B2-2020C5919816}.Debug|x86.Build.0 = Debug|Any CPU
		{79A53037-EC46-49DA-87B2-2020C5919816}.Release|Any CPU.ActiveCfg = Release|Any CPU
		{79A53037-EC46-49DA-87B2-2020C5919816}.Release|Any CPU.Build.0 = Release|Any CPU
		{79A53037-EC46-49DA-87B2-2020C5919816}.Release|x64.ActiveCfg = Release|Any CPU
		{79A53037-EC46-49DA-87B2-2020C5919816}.Release|x64.Build.0 = Release|Any CPU
		{79A53037-EC46-49DA-87B2-2020C5919816}.Release|x86.ActiveCfg = Release|Any CPU
		{79A53037-EC46-49DA-87B2-2020C5919816}.Release|x86.Build.0 = Release|Any CPU
		{8100E540-96BB-4796-9B99-A8AA3C425171}.Debug|Any CPU.ActiveCfg = Debug|Any CPU
		{8100E540-96BB-4796-9B99-A8AA3C425171}.Debug|Any CPU.Build.0 = Debug|Any CPU
		{8100E540-96BB-4796-9B99-A8AA3C425171}.Debug|x64.ActiveCfg = Debug|Any CPU
		{8100E540-96BB-4796-9B99-A8AA3C425171}.Debug|x64.Build.0 = Debug|Any CPU
		{8100E540-96BB-4796-9B99-A8AA3C425171}.Debug|x86.ActiveCfg = Debug|Any CPU
		{8100E540-96BB-4796-9B99-A8AA3C425171}.Debug|x86.Build.0 = Debug|Any CPU
		{8100E540-96BB-4796-9B99-A8AA3C425171}.Release|Any CPU.ActiveCfg = Release|Any CPU
		{8100E540-96BB-4796-9B99-A8AA3C425171}.Release|Any CPU.Build.0 = Release|Any CPU
		{8100E540-96BB-4796-9B99-A8AA3C425171}.Release|x64.ActiveCfg = Release|Any CPU
		{8100E540-96BB-4796-9B99-A8AA3C425171}.Release|x64.Build.0 = Release|Any CPU
		{8100E540-96BB-4796-9B99-A8AA3C425171}.Release|x86.ActiveCfg = Release|Any CPU
		{8100E540-96BB-4796-9B99-A8AA3C425171}.Release|x86.Build.0 = Release|Any CPU
		{479629D1-FC82-49B0-B425-E9C6B9B1883A}.Debug|Any CPU.ActiveCfg = Debug|Any CPU
		{479629D1-FC82-49B0-B425-E9C6B9B1883A}.Debug|Any CPU.Build.0 = Debug|Any CPU
		{479629D1-FC82-49B0-B425-E9C6B9B1883A}.Debug|x64.ActiveCfg = Debug|Any CPU
		{479629D1-FC82-49B0-B425-E9C6B9B1883A}.Debug|x64.Build.0 = Debug|Any CPU
		{479629D1-FC82-49B0-B425-E9C6B9B1883A}.Debug|x86.ActiveCfg = Debug|Any CPU
		{479629D1-FC82-49B0-B425-E9C6B9B1883A}.Debug|x86.Build.0 = Debug|Any CPU
		{479629D1-FC82-49B0-B425-E9C6B9B1883A}.Release|Any CPU.ActiveCfg = Release|Any CPU
		{479629D1-FC82-49B0-B425-E9C6B9B1883A}.Release|Any CPU.Build.0 = Release|Any CPU
		{479629D1-FC82-49B0-B425-E9C6B9B1883A}.Release|x64.ActiveCfg = Release|Any CPU
		{479629D1-FC82-49B0-B425-E9C6B9B1883A}.Release|x64.Build.0 = Release|Any CPU
		{479629D1-FC82-49B0-B425-E9C6B9B1883A}.Release|x86.ActiveCfg = Release|Any CPU
		{479629D1-FC82-49B0-B425-E9C6B9B1883A}.Release|x86.Build.0 = Release|Any CPU
		{71A65066-3AEC-4F58-AAAE-F20BC27294D8}.Debug|Any CPU.ActiveCfg = Debug|Any CPU
		{71A65066-3AEC-4F58-AAAE-F20BC27294D8}.Debug|Any CPU.Build.0 = Debug|Any CPU
		{71A65066-3AEC-4F58-AAAE-F20BC27294D8}.Debug|x64.ActiveCfg = Debug|Any CPU
		{71A65066-3AEC-4F58-AAAE-F20BC27294D8}.Debug|x64.Build.0 = Debug|Any CPU
		{71A65066-3AEC-4F58-AAAE-F20BC27294D8}.Debug|x86.ActiveCfg = Debug|Any CPU
		{71A65066-3AEC-4F58-AAAE-F20BC27294D8}.Debug|x86.Build.0 = Debug|Any CPU
		{71A65066-3AEC-4F58-AAAE-F20BC27294D8}.Release|Any CPU.ActiveCfg = Release|Any CPU
		{71A65066-3AEC-4F58-AAAE-F20BC27294D8}.Release|Any CPU.Build.0 = Release|Any CPU
		{71A65066-3AEC-4F58-AAAE-F20BC27294D8}.Release|x64.ActiveCfg = Release|Any CPU
		{71A65066-3AEC-4F58-AAAE-F20BC27294D8}.Release|x64.Build.0 = Release|Any CPU
		{71A65066-3AEC-4F58-AAAE-F20BC27294D8}.Release|x86.ActiveCfg = Release|Any CPU
		{71A65066-3AEC-4F58-AAAE-F20BC27294D8}.Release|x86.Build.0 = Release|Any CPU
		{C768124E-3482-4FC5-9A42-CD8BB8D407BA}.Debug|Any CPU.ActiveCfg = Debug|Any CPU
		{C768124E-3482-4FC5-9A42-CD8BB8D407BA}.Debug|Any CPU.Build.0 = Debug|Any CPU
		{C768124E-3482-4FC5-9A42-CD8BB8D407BA}.Debug|x64.ActiveCfg = Debug|Any CPU
		{C768124E-3482-4FC5-9A42-CD8BB8D407BA}.Debug|x64.Build.0 = Debug|Any CPU
		{C768124E-3482-4FC5-9A42-CD8BB8D407BA}.Debug|x86.ActiveCfg = Debug|Any CPU
		{C768124E-3482-4FC5-9A42-CD8BB8D407BA}.Debug|x86.Build.0 = Debug|Any CPU
		{C768124E-3482-4FC5-9A42-CD8BB8D407BA}.Release|Any CPU.ActiveCfg = Release|Any CPU
		{C768124E-3482-4FC5-9A42-CD8BB8D407BA}.Release|Any CPU.Build.0 = Release|Any CPU
		{C768124E-3482-4FC5-9A42-CD8BB8D407BA}.Release|x64.ActiveCfg = Release|Any CPU
		{C768124E-3482-4FC5-9A42-CD8BB8D407BA}.Release|x64.Build.0 = Release|Any CPU
		{C768124E-3482-4FC5-9A42-CD8BB8D407BA}.Release|x86.ActiveCfg = Release|Any CPU
		{C768124E-3482-4FC5-9A42-CD8BB8D407BA}.Release|x86.Build.0 = Release|Any CPU
	EndGlobalSection
EndGlobal
